github.com/ajstarks/svgo v0.0.0-20200320125537-f189e35d30ca/go.mod h1:K08gAheRH3/J6wwsYMMT4xOr94bZjxIelGM0+d/wbFw=
github.com/mikeb26/chess v1.5.1-0.20240117221713-2c91017f4920 h1:+v+IrOGoUQix/v9t8g0Mtduy6Nxkqt0ny8S8Zbj22lA=
github.com/mikeb26/chess v1.5.1-0.20240117221713-2c91017f4920/go.mod h1:cRuJUIBFq9Xki05TWHJxHYkC+fFpq45IWwk94DdlCrA=
