github.com/ajstarks/svgo v0.0.0-20200320125537-f189e35d30ca/go.mod h1:K08gAheRH3/J6wwsYMMT4xOr94bZjxIelGM0+d/wbFw=
github.com/mikeb26/chess v1.5.1-0.20241126192013-c5567b43dca6 h1:kWcWNeui55WyKx/zq51tHneHYZECox27i/bDhvPwI98=
github.com/mikeb26/chess v1.5.1-0.20241126192013-c5567b43dca6/go.mod h1:cRuJUIBFq9Xki05TWHJxHYkC+fFpq45IWwk94DdlCrA=
